# THIS IS AN AUTOGENERATED FILE. DO NOT EDIT THIS FILE DIRECTLY.
# yarn lockfile v1


"@elliottcable/bs-result@^12.0.0-pre.2":
  version "12.0.0"
  resolved "https://registry.yarnpkg.com/@elliottcable/bs-result/-/bs-result-12.0.0.tgz#8830bcbf807c7ad3d7a7afa97da70415a0b10e68"
  integrity sha512-o1AxswioCueiTlyw0M8U1Xh7netzJ8VPTcJJL5EY9BvttWKIlBWYOb9FzxxRWY+eQvpE2uwLlJzFH1i6Gd1h4g==

"@pckilgore/bs-biginteger@^1.0.1":
  version "1.0.1"
  resolved "https://registry.yarnpkg.com/@pckilgore/bs-biginteger/-/bs-biginteger-1.0.1.tgz#2d27f98451cb8d886855d2b36207a64edb666fef"
  integrity sha512-N06Z8OmVRJI1Mzv4BvgzrGT1/46Ni51g38N2qoA5ZnAqxjdveLSHgiNxQCGeW2FKyubjzokqjsbpRpp+pgf4wA==

"@roddynpm/bs-biniou@^0.2.0":
  version "0.2.0"
  resolved "https://registry.yarnpkg.com/@roddynpm/bs-biniou/-/bs-biniou-0.2.0.tgz#7e7c8adb8dc4f2623fb6fa0f11f810374f5ae1f6"
  integrity sha512-UxhG1IXl+kTkUnFpFF99DKnMLcLTiQ3pdN1KCLoOwltEC9TGwNfWqFkR5jiDPFtSOZNmUVtIX1ZF3xZYyTKpcw==
  dependencies:
    "@roddynpm/bs-easy-format" "^0.1.0"

"@roddynpm/bs-easy-format@^0.1.0":
  version "0.1.0"
  resolved "https://registry.yarnpkg.com/@roddynpm/bs-easy-format/-/bs-easy-format-0.1.0.tgz#099295e346e3a0b6593f7bbf3e3dd51c7a32e06a"
  integrity sha512-ZlxFSmTBzJgLfVYAnRObT6jyvIKTABt2vCGHwJx/Cl+O2sfJAYmO2RofQxMdikdHNu9MS/8LX5zwPfwZ3H21VA==

"@roddynpm/bs-yojson@^0.3.0":
  version "0.3.0"
  resolved "https://registry.yarnpkg.com/@roddynpm/bs-yojson/-/bs-yojson-0.3.0.tgz#e14222fe662ad5d69f5ddc2d62766da0b1b1aef5"
  integrity sha512-KFZNsoS9aMe9W79IQs2ZbqGPNd9dn61N+O0hsAlr10vjkm3sXDeqEVS69m93VezDCxRMjF2xKBL88OkppZ4NLQ==
  dependencies:
    "@roddynpm/bs-biniou" "^0.2.0"

arch@^2.1.1:
  version "2.2.0"
  resolved "https://registry.yarnpkg.com/arch/-/arch-2.2.0.tgz#1bc47818f305764f23ab3306b0bfc086c5a29d11"
  integrity sha512-Of/R0wqp83cgHozfIYLbBMnej79U/SVGOOyuB3VVFv1NRM/PSFMK12x9KVtiYzJqmnU5WR2qp0Z5rHb7sWGnFQ==

big-integer@^1.6.48:
  version "1.6.48"
  resolved "https://registry.yarnpkg.com/big-integer/-/big-integer-1.6.48.tgz#8fd88bd1632cba4a1c8c3e3d7159f08bb95b4b9e"
  integrity sha512-j51egjPa7/i+RdiRuJbPdJ2FIUYYPhvYLjzoYbcMMm62ooO6F94fETG4MTs46zPAF9Brs04OajboA/qTGuz78w==

bs-batteries@^0.0.14:
  version "0.0.14"
  resolved "https://registry.yarnpkg.com/bs-batteries/-/bs-batteries-0.0.14.tgz#51536a489615087c05774525c38ab56b4d45df4c"
  integrity sha1-UVNqSJYVCHwFd0Ulw4q1a01F30w=

bs-deriving@^44.2.0:
  version "44.2.0"
  resolved "https://registry.yarnpkg.com/bs-deriving/-/bs-deriving-44.2.0.tgz#2fc9e33d871411ae89f62805b4b763b8bf926a74"
  integrity sha512-+wNBwsvgHPJcMVEQNAbSzlBvBcbqN0DWM45ryy/ik5HE2nUSqJteYLJztUAGWdufLbVzxwqLgeh37u2VNxXWSw==
  dependencies:
    "@elliottcable/bs-result" "^12.0.0-pre.2"

bs-platform@^7.0.1:
  version "7.3.2"
  resolved "https://registry.yarnpkg.com/bs-platform/-/bs-platform-7.3.2.tgz#301f5c9b4e8cf5713cb60ca22e145e56e793affe"
  integrity sha512-seJL5g4anK9la4erv+B2o2sMHQCxDF6OCRl9en3hbaUos/S3JsusQ0sPp4ORsbx5eXfHLYBwPljwKXlgpXtsgQ==

bs-zarith@^3.1.0:
  version "3.1.0"
  resolved "https://registry.yarnpkg.com/bs-zarith/-/bs-zarith-3.1.0.tgz#8550b63826d8da23e0ce8a2694fc39040c6a34ce"
  integrity sha512-RlOAC40DMBy/5i6nh1RP5URqQAoisKlzVf4JzcCHvIuwT1/DLc/60DcnFNU1lftgtdCBGuqyb6WyzJ+ycNDB8w==

ppx-deriving@^44.2.0:
  version "44.2.0"
  resolved "https://registry.yarnpkg.com/ppx-deriving/-/ppx-deriving-44.2.0.tgz#84f7e6f0f20b435deed486847d462a0c240f30da"
  integrity sha512-1IAmPYVsSe1V7kYhH9Z9Keo4HJaiBGOAjZ5JwTpqFvpHmB30eJvzdYnjgLpH0RxIOoGHrfbth3LVZRXAE2Rcvw==
  dependencies:
    arch "^2.1.1"
